dependencies:
  dsi_init:
    dependencies:
    - name: espressif/esp_lcd_ili9881c
      version: ^1.0.0
    - name: espressif/esp_lcd_ek79007
      version: ^1.0.0
    - name: waveshare/esp_lcd_jd9365_10_1
      version: ^0.0.4
    - name: idf
      version: '>=5.3.0'
    source:
      path: E:\03-MS500-P4\01.project_example\01_camera_dsi\components\dsi_init
      type: local
    version: '*'
  esp_cam_sensor:
    dependencies:
    - name: espressif/cmake_utilities
      version: 0.*
    - name: espressif/esp_sccb_intf
      version: '>=0.0.2'
    - name: idf
      version: '>=5.3'
    source:
      path: E:\03-MS500-P4\01.project_example\esp_components\esp_cam_sensor
      type: local
    targets:
    - esp32p4
    version: 1.0.0
  espressif/cmake_utilities:
    component_hash: 351350613ceafba240b761b4ea991e0f231ac7a9f59a9ee901f751bddc0bb18f
    dependencies:
    - name: idf
      require: private
      version: '>=4.1'
    source:
      registry_url: https://components.espressif.com/
      type: service
    version: 0.5.3
  espressif/esp_lcd_ek79007:
    component_hash: 07c1afab7e9fd4dd2fd06ff9245e65327c5bbd5485efec199496e19a9304d47b
    dependencies:
    - name: espressif/cmake_utilities
      registry_url: https://components.espressif.com
      require: private
      version: 0.*
    - name: idf
      require: private
      version: '>=5.3'
    source:
      registry_url: https://components.espressif.com/
      type: service
    targets:
    - esp32p4
    version: 1.0.2
  espressif/esp_lcd_ili9881c:
    component_hash: f4f374226b62baf13f735864e8fae58e17c537df34d598e059f6caad4761ef65
    dependencies:
    - name: idf
      require: private
      version: '>=5.3'
    source:
      registry_url: https://components.espressif.com/
      type: service
    targets:
    - esp32p4
    version: 1.0.1
  espressif/esp_sccb_intf:
    component_hash: 71e3def402f6193a23c599bdde4fa0b544ca2b1f63608b6d0ec2bee3cd9a1c33
    dependencies:
    - name: idf
      require: private
      version: '>=5.3'
    source:
      registry_url: https://components.espressif.com/
      type: service
    version: 0.0.5
  idf:
    source:
      type: idf
    version: 5.4.0
  sensor_init:
    dependencies:
    - name: idf
      version: '>=5.3.0'
    - name: esp_cam_sensor
      path: ../../../esp_components/esp_cam_sensor
      version: 1.0.*
    source:
      path: E:\03-MS500-P4\01.project_example\01_camera_dsi\components\sensor_init
      type: local
    version: '*'
  waveshare/esp_lcd_jd9365_10_1:
    component_hash: 698a894ecac3701dda7f64d35ca30cb2a0b48cfc56cda14eb19c9ba7aad204ed
    dependencies:
    - name: idf
      require: private
      version: '>=5.3'
    - name: espressif/cmake_utilities
      registry_url: https://components.espressif.com
      require: private
      version: 0.*
    source:
      registry_url: https://components.espressif.com/
      type: service
    targets:
    - esp32p4
    version: 0.0.4
direct_dependencies:
- dsi_init
- esp_cam_sensor
- espressif/esp_lcd_ek79007
- espressif/esp_lcd_ili9881c
- idf
- sensor_init
- waveshare/esp_lcd_jd9365_10_1
manifest_hash: a96802fd1849fc045f267a2707e53a6dd7c082c3b565d184f498a0579bb3f91b
target: esp32p4
version: 2.0.0
