dependencies:
  avi_player:
    dependencies: []
    source:
      path: E:\03-MS500-P4\01.project_example\01_usb_dual_uvc_device\components\avi_player
      type: local
    version: 1.0.0
  espressif/cmake_utilities:
    component_hash: 351350613ceafba240b761b4ea991e0f231ac7a9f59a9ee901f751bddc0bb18f
    dependencies:
    - name: idf
      require: private
      version: '>=4.1'
    source:
      registry_url: https://components.espressif.com/
      type: service
    version: 0.5.3
  espressif/tinyusb:
    component_hash: 10703da2c3cd39a944711ee3d320c6dda54debabf13b4b933a7c90daf102372b
    dependencies:
    - name: idf
      require: private
      version: '>=5.0'
    source:
      registry_url: https://components.espressif.com/
      type: service
    targets:
    - esp32s2
    - esp32s3
    - esp32p4
    version: 0.18.0~2
  idf:
    source:
      type: idf
    version: 5.4.0
  lvgl/lvgl:
    component_hash: 2409fdc84e9766d2a18afd84b051aef3f838348136cdb1c10ac2e8bcdb012bf6
    dependencies: []
    source:
      registry_url: https://components.espressif.com/
      type: service
    version: 9.2.0
  usb_device_uvc:
    dependencies: []
    source:
      path: E:\03-MS500-P4\01.project_example\01_usb_dual_uvc_device\components\usb_device_uvc
      type: local
    version: 1.1.2
direct_dependencies:
- avi_player
- espressif/cmake_utilities
- espressif/tinyusb
- idf
- lvgl/lvgl
- usb_device_uvc
manifest_hash: 9c80f5103f27000afad5f5b2b2cf2015648ed8a2e45962e08ca036583dcf5aa3
target: esp32p4
version: 2.0.0
